
Microsoft Visual Studio Solution File, Format Version 11.00
# Visual C# Express 2010
Project("{FAE04EC0-301F-11D3-BF4B-00C04F79EFBC}") = "Swag Capitalist", "Swag Capitalist\Swag Capitalist\Swag Capitalist.csproj", "{F5C3C226-2BA2-4779-A766-F721E63FBDD5}"
EndProject
Project("{96E2B04D-8817-42C6-938A-82C39BA4D311}") = "Swag CapitalistContent", "Swag Capitalist\Swag CapitalistContent\Swag CapitalistContent.contentproj", "{1EE13EB7-F4B9-4D11-BFB2-37670E8AAD38}"
EndProject
Global
	GlobalSection(SolutionConfigurationPlatforms) = preSolution
		Debug|x86 = Debug|x86
		Release|x86 = Release|x86
	EndGlobalSection
	GlobalSection(ProjectConfigurationPlatforms) = postSolution
		{F5C3C226-2BA2-4779-A766-F721E63FBDD5}.Debug|x86.ActiveCfg = Debug|x86
		{F5C3C226-2BA2-4779-A766-F721E63FBDD5}.Debug|x86.Build.0 = Debug|x86
		{F5C3C226-2BA2-4779-A766-F721E63FBDD5}.Release|x86.ActiveCfg = Release|x86
		{F5C3C226-2BA2-4779-A766-F721E63FBDD5}.Release|x86.Build.0 = Release|x86
		{1EE13EB7-F4B9-4D11-BFB2-37670E8AAD38}.Debug|x86.ActiveCfg = Debug|x86
		{1EE13EB7-F4B9-4D11-BFB2-37670E8AAD38}.Release|x86.ActiveCfg = Release|x86
	EndGlobalSection
	GlobalSection(SolutionProperties) = preSolution
		HideSolutionNode = FALSE
	EndGlobalSection
EndGlobal
