
Microsoft Visual Studio Solution File, Format Version 11.00
# Visual C# Express 2010
Project("{FAE04EC0-301F-11D3-BF4B-00C04F79EFBC}") = "introtoxna", "introtoxna\introtoxna\introtoxna.csproj", "{66A28E6B-A5C6-4AAA-822A-1CC36BD5F893}"
EndProject
Project("{96E2B04D-8817-42C6-938A-82C39BA4D311}") = "introtoxnaContent", "introtoxna\introtoxnaContent\introtoxnaContent.contentproj", "{83E06EC3-1452-4418-8D40-4B3F6AACEC0A}"
EndProject
Global
	GlobalSection(SolutionConfigurationPlatforms) = preSolution
		Debug|x86 = Debug|x86
		Release|x86 = Release|x86
	EndGlobalSection
	GlobalSection(ProjectConfigurationPlatforms) = postSolution
		{66A28E6B-A5C6-4AAA-822A-1CC36BD5F893}.Debug|x86.ActiveCfg = Debug|x86
		{66A28E6B-A5C6-4AAA-822A-1CC36BD5F893}.Debug|x86.Build.0 = Debug|x86
		{66A28E6B-A5C6-4AAA-822A-1CC36BD5F893}.Release|x86.ActiveCfg = Release|x86
		{66A28E6B-A5C6-4AAA-822A-1CC36BD5F893}.Release|x86.Build.0 = Release|x86
		{83E06EC3-1452-4418-8D40-4B3F6AACEC0A}.Debug|x86.ActiveCfg = Debug|x86
		{83E06EC3-1452-4418-8D40-4B3F6AACEC0A}.Release|x86.ActiveCfg = Release|x86
	EndGlobalSection
	GlobalSection(SolutionProperties) = preSolution
		HideSolutionNode = FALSE
	EndGlobalSection
EndGlobal
